
Microsoft Visual Studio Solution File, Format Version 12.00
# Visual Studio 15
VisualStudioVersion = 15.0.28307.779
MinimumVisualStudioVersion = 10.0.40219.1
Project("{FAE04EC0-301F-11D3-BF4B-00C04F79EFBC}") = "BanHangSieuThi", "BanHangSieuThi\BanHangSieuThi.csproj", "{CDDDDC0A-3AB9-404C-8865-CD6F57B71708}"
EndProject
Global
	GlobalSection(SolutionConfigurationPlatforms) = preSolution
		Debug|Any CPU = Debug|Any CPU
		Release|Any CPU = Release|Any CPU
	EndGlobalSection
	GlobalSection(ProjectConfigurationPlatforms) = postSolution
		{CDDDDC0A-3AB9-404C-8865-CD6F57B71708}.Debug|Any CPU.ActiveCfg = Debug|Any CPU
		{CDDDDC0A-3AB9-404C-8865-CD6F57B71708}.Debug|Any CPU.Build.0 = Debug|Any CPU
		{CDDDDC0A-3AB9-404C-8865-CD6F57B71708}.Release|Any CPU.ActiveCfg = Release|Any CPU
		{CDDDDC0A-3AB9-404C-8865-CD6F57B71708}.Release|Any CPU.Build.0 = Release|Any CPU
	EndGlobalSection
	GlobalSection(SolutionProperties) = preSolution
		HideSolutionNode = FALSE
	EndGlobalSection
	GlobalSection(ExtensibilityGlobals) = postSolution
		SolutionGuid = {F25F6B0E-7B40-49BB-967D-D37A9B2F9270}
	EndGlobalSection
EndGlobal
